
Microsoft Visual Studio Solution File, Format Version 12.00
# Visual Studio 15
VisualStudioVersion = 15.0.27428.2043
MinimumVisualStudioVersion = 10.0.40219.1
Project("{FAE04EC0-301F-11D3-BF4B-00C04F79EFBC}") = "Scrum_Table", "Scrum_Table\Scrum_Table.csproj", "{07727BDE-C74F-462B-AFF5-33DE9317CBE8}"
EndProject
Global
	GlobalSection(SolutionConfigurationPlatforms) = preSolution
		Debug|Any CPU = Debug|Any CPU
		Release|Any CPU = Release|Any CPU
	EndGlobalSection
	GlobalSection(ProjectConfigurationPlatforms) = postSolution
		{07727BDE-C74F-462B-AFF5-33DE9317CBE8}.Debug|Any CPU.ActiveCfg = Debug|Any CPU
		{07727BDE-C74F-462B-AFF5-33DE9317CBE8}.Debug|Any CPU.Build.0 = Debug|Any CPU
		{07727BDE-C74F-462B-AFF5-33DE9317CBE8}.Release|Any CPU.ActiveCfg = Release|Any CPU
		{07727BDE-C74F-462B-AFF5-33DE9317CBE8}.Release|Any CPU.Build.0 = Release|Any CPU
	EndGlobalSection
	GlobalSection(SolutionProperties) = preSolution
		HideSolutionNode = FALSE
	EndGlobalSection
	GlobalSection(ExtensibilityGlobals) = postSolution
		SolutionGuid = {89AE018E-F12B-4DA8-AFAC-48F0781C82CE}
	EndGlobalSection
EndGlobal
